
Microsoft Visual Studio Solution File, Format Version 12.00
# Visual Studio 15
VisualStudioVersion = 15.0.26430.4
MinimumVisualStudioVersion = 10.0.40219.1
Project("{FAE04EC0-301F-11D3-BF4B-00C04F79EFBC}") = "Grades", "Grades\Grades.csproj", "{38EABF55-227D-4297-AF57-1BF66EA0AD95}"
EndProject
Project("{FAE04EC0-301F-11D3-BF4B-00C04F79EFBC}") = "Grade.Test", "Grade.Test\Grade.Test.csproj", "{FB7E92AF-FB4C-4F9E-8507-17ED1E0666DE}"
EndProject
Project("{FAE04EC0-301F-11D3-BF4B-00C04F79EFBC}") = "EventDemonstrate", "EventDemonstrate\EventDemonstrate.csproj", "{0D875EF3-D615-405C-95A8-FB955EDC3C30}"
EndProject
Global
	GlobalSection(SolutionConfigurationPlatforms) = preSolution
		Debug|Any CPU = Debug|Any CPU
		Release|Any CPU = Release|Any CPU
	EndGlobalSection
	GlobalSection(ProjectConfigurationPlatforms) = postSolution
		{38EABF55-227D-4297-AF57-1BF66EA0AD95}.Debug|Any CPU.ActiveCfg = Debug|Any CPU
		{38EABF55-227D-4297-AF57-1BF66EA0AD95}.Debug|Any CPU.Build.0 = Debug|Any CPU
		{38EABF55-227D-4297-AF57-1BF66EA0AD95}.Release|Any CPU.ActiveCfg = Release|Any CPU
		{38EABF55-227D-4297-AF57-1BF66EA0AD95}.Release|Any CPU.Build.0 = Release|Any CPU
		{FB7E92AF-FB4C-4F9E-8507-17ED1E0666DE}.Debug|Any CPU.ActiveCfg = Debug|Any CPU
		{FB7E92AF-FB4C-4F9E-8507-17ED1E0666DE}.Debug|Any CPU.Build.0 = Debug|Any CPU
		{FB7E92AF-FB4C-4F9E-8507-17ED1E0666DE}.Release|Any CPU.ActiveCfg = Release|Any CPU
		{FB7E92AF-FB4C-4F9E-8507-17ED1E0666DE}.Release|Any CPU.Build.0 = Release|Any CPU
		{0D875EF3-D615-405C-95A8-FB955EDC3C30}.Debug|Any CPU.ActiveCfg = Debug|Any CPU
		{0D875EF3-D615-405C-95A8-FB955EDC3C30}.Debug|Any CPU.Build.0 = Debug|Any CPU
		{0D875EF3-D615-405C-95A8-FB955EDC3C30}.Release|Any CPU.ActiveCfg = Release|Any CPU
		{0D875EF3-D615-405C-95A8-FB955EDC3C30}.Release|Any CPU.Build.0 = Release|Any CPU
	EndGlobalSection
	GlobalSection(SolutionProperties) = preSolution
		HideSolutionNode = FALSE
	EndGlobalSection
EndGlobal
